// !$*UTF8*$!
{
	archiveVersion = 1;
	classes = {
	};
	objectVersion = 46;
	objects = {

/* Begin PBXBuildFile section */
		195B15941D3FFF0ABA7DFE42 /* Pods_ATXwecycleUITests.framework in Frameworks */ = {isa = PBXBuildFile; fileRef = A3AB816308F4DA238FAB25B1 /* Pods_ATXwecycleUITests.framework */; };
		2593307D65CE5F6E2627AFCF /* Pods_ATXwecycle.framework in Frameworks */ = {isa = PBXBuildFile; fileRef = C8D9BE75A89F34A72ED80FF8 /* Pods_ATXwecycle.framework */; };
		6DCBAD921D63FC050016D647 /* AddressViewController.swift in Sources */ = {isa = PBXBuildFile; fileRef = 6DCBAD911D63FC050016D647 /* AddressViewController.swift */; };
		6DD07DAA1C67961C00DCD864 /* WebViewController.swift in Sources */ = {isa = PBXBuildFile; fileRef = 6DD07DA91C67961C00DCD864 /* WebViewController.swift */; };
		6DE22E891C5E64B000C5C38F /* TreeSit.JPG in Resources */ = {isa = PBXBuildFile; fileRef = 6DE22E861C5E64B000C5C38F /* TreeSit.JPG */; };
		6DE22E8A1C5E64B000C5C38F /* SouthRimStanding.jpg in Resources */ = {isa = PBXBuildFile; fileRef = 6DE22E871C5E64B000C5C38F /* SouthRimStanding.jpg */; };
		C1AB530D6BC677701392ECB7 /* Pods_ATXwecycleTests.framework in Frameworks */ = {isa = PBXBuildFile; fileRef = D6C4930FF371DF8F34FD8A89 /* Pods_ATXwecycleTests.framework */; };
		F16B58971C433D3B0027B34B /* DateModel.swift in Sources */ = {isa = PBXBuildFile; fileRef = F16B58961C433D3B0027B34B /* DateModel.swift */; };
		F176EEFB1C5D136600E4BBD7 /* UIImageEffects.m in Sources */ = {isa = PBXBuildFile; fileRef = F176EEFA1C5D136600E4BBD7 /* UIImageEffects.m */; };
		F192D0121C6237AC00B9F1C3 /* global.swift in Sources */ = {isa = PBXBuildFile; fileRef = F192D0111C6237AC00B9F1C3 /* global.swift */; };
		F19E854C1C622EFD007488FB /* SettingViewController.swift in Sources */ = {isa = PBXBuildFile; fileRef = F19E854B1C622EFD007488FB /* SettingViewController.swift */; };
		F1E764781C3F5E1A009DC9BA /* AppDelegate.swift in Sources */ = {isa = PBXBuildFile; fileRef = F1E764771C3F5E1A009DC9BA /* AppDelegate.swift */; };
		F1E7647A1C3F5E1A009DC9BA /* ViewController.swift in Sources */ = {isa = PBXBuildFile; fileRef = F1E764791C3F5E1A009DC9BA /* ViewController.swift */; };
		F1E7647D1C3F5E1A009DC9BA /* Main.storyboard in Resources */ = {isa = PBXBuildFile; fileRef = F1E7647B1C3F5E1A009DC9BA /* Main.storyboard */; };
		F1E7647F1C3F5E1A009DC9BA /* Assets.xcassets in Resources */ = {isa = PBXBuildFile; fileRef = F1E7647E1C3F5E1A009DC9BA /* Assets.xcassets */; };
		F1E764821C3F5E1A009DC9BA /* LaunchScreen.storyboard in Resources */ = {isa = PBXBuildFile; fileRef = F1E764801C3F5E1A009DC9BA /* LaunchScreen.storyboard */; };
		F1E7648D1C3F5E1A009DC9BA /* ATXwecycleTests.swift in Sources */ = {isa = PBXBuildFile; fileRef = F1E7648C1C3F5E1A009DC9BA /* ATXwecycleTests.swift */; };
		F1E764981C3F5E1A009DC9BA /* ATXwecycleUITests.swift in Sources */ = {isa = PBXBuildFile; fileRef = F1E764971C3F5E1A009DC9BA /* ATXwecycleUITests.swift */; };
/* End PBXBuildFile section */

/* Begin PBXContainerItemProxy section */
		F1E764891C3F5E1A009DC9BA /* PBXContainerItemProxy */ = {
			isa = PBXContainerItemProxy;
			containerPortal = F1E7646C1C3F5E1A009DC9BA /* Project object */;
			proxyType = 1;
			remoteGlobalIDString = F1E764731C3F5E1A009DC9BA;
			remoteInfo = ATXwecycle;
		};
		F1E764941C3F5E1A009DC9BA /* PBXContainerItemProxy */ = {
			isa = PBXContainerItemProxy;
			containerPortal = F1E7646C1C3F5E1A009DC9BA /* Project object */;
			proxyType = 1;
			remoteGlobalIDString = F1E764731C3F5E1A009DC9BA;
			remoteInfo = ATXwecycle;
		};
/* End PBXContainerItemProxy section */

/* Begin PBXFileReference section */
		184F7DA725ADD26906461DE9 /* Pods-ATXwecycle.release.xcconfig */ = {isa = PBXFileReference; includeInIndex = 1; lastKnownFileType = text.xcconfig; name = "Pods-ATXwecycle.release.xcconfig"; path = "Pods/Target Support Files/Pods-ATXwecycle/Pods-ATXwecycle.release.xcconfig"; sourceTree = "<group>"; };
		3B41A22B7973F306F0A3773F /* Pods-ATXwecycleUITests.release.xcconfig */ = {isa = PBXFileReference; includeInIndex = 1; lastKnownFileType = text.xcconfig; name = "Pods-ATXwecycleUITests.release.xcconfig"; path = "Pods/Target Support Files/Pods-ATXwecycleUITests/Pods-ATXwecycleUITests.release.xcconfig"; sourceTree = "<group>"; };
		3C34AE99709382EA2B5C4664 /* Pods-ATXwecycle.debug.xcconfig */ = {isa = PBXFileReference; includeInIndex = 1; lastKnownFileType = text.xcconfig; name = "Pods-ATXwecycle.debug.xcconfig"; path = "Pods/Target Support Files/Pods-ATXwecycle/Pods-ATXwecycle.debug.xcconfig"; sourceTree = "<group>"; };
		567D4B48681DEAACE2EE44D4 /* Pods-ATXwecycleTests.distribution.xcconfig */ = {isa = PBXFileReference; includeInIndex = 1; lastKnownFileType = text.xcconfig; name = "Pods-ATXwecycleTests.distribution.xcconfig"; path = "Pods/Target Support Files/Pods-ATXwecycleTests/Pods-ATXwecycleTests.distribution.xcconfig"; sourceTree = "<group>"; };
		586BFA95049429A20EF2621D /* Pods-ATXwecycleTests.debug.xcconfig */ = {isa = PBXFileReference; includeInIndex = 1; lastKnownFileType = text.xcconfig; name = "Pods-ATXwecycleTests.debug.xcconfig"; path = "Pods/Target Support Files/Pods-ATXwecycleTests/Pods-ATXwecycleTests.debug.xcconfig"; sourceTree = "<group>"; };
		6411F2C21EB4D7D47E7E2948 /* Pods-ATXwecycleUITests.debug.xcconfig */ = {isa = PBXFileReference; includeInIndex = 1; lastKnownFileType = text.xcconfig; name = "Pods-ATXwecycleUITests.debug.xcconfig"; path = "Pods/Target Support Files/Pods-ATXwecycleUITests/Pods-ATXwecycleUITests.debug.xcconfig"; sourceTree = "<group>"; };
		6DCBAD911D63FC050016D647 /* AddressViewController.swift */ = {isa = PBXFileReference; fileEncoding = 4; lastKnownFileType = sourcecode.swift; path = AddressViewController.swift; sourceTree = "<group>"; };
		6DD07DA91C67961C00DCD864 /* WebViewController.swift */ = {isa = PBXFileReference; fileEncoding = 4; lastKnownFileType = sourcecode.swift; path = WebViewController.swift; sourceTree = "<group>"; };
		6DE22E861C5E64B000C5C38F /* TreeSit.JPG */ = {isa = PBXFileReference; lastKnownFileType = image.jpeg; path = TreeSit.JPG; sourceTree = "<group>"; };
		6DE22E871C5E64B000C5C38F /* SouthRimStanding.jpg */ = {isa = PBXFileReference; lastKnownFileType = image.jpeg; path = SouthRimStanding.jpg; sourceTree = "<group>"; };
		7AB2FE983D826800D1C78D1C /* Pods-ATXwecycle.distribution.xcconfig */ = {isa = PBXFileReference; includeInIndex = 1; lastKnownFileType = text.xcconfig; name = "Pods-ATXwecycle.distribution.xcconfig"; path = "Pods/Target Support Files/Pods-ATXwecycle/Pods-ATXwecycle.distribution.xcconfig"; sourceTree = "<group>"; };
		A19C183375649CF6E43976F9 /* Pods-ATXwecycleUITests.distribution.xcconfig */ = {isa = PBXFileReference; includeInIndex = 1; lastKnownFileType = text.xcconfig; name = "Pods-ATXwecycleUITests.distribution.xcconfig"; path = "Pods/Target Support Files/Pods-ATXwecycleUITests/Pods-ATXwecycleUITests.distribution.xcconfig"; sourceTree = "<group>"; };
		A3AB816308F4DA238FAB25B1 /* Pods_ATXwecycleUITests.framework */ = {isa = PBXFileReference; explicitFileType = wrapper.framework; includeInIndex = 0; path = Pods_ATXwecycleUITests.framework; sourceTree = BUILT_PRODUCTS_DIR; };
		BE2505F7D0BB8639BD2E107E /* Pods-ATXwecycleTests.release.xcconfig */ = {isa = PBXFileReference; includeInIndex = 1; lastKnownFileType = text.xcconfig; name = "Pods-ATXwecycleTests.release.xcconfig"; path = "Pods/Target Support Files/Pods-ATXwecycleTests/Pods-ATXwecycleTests.release.xcconfig"; sourceTree = "<group>"; };
		C8D9BE75A89F34A72ED80FF8 /* Pods_ATXwecycle.framework */ = {isa = PBXFileReference; explicitFileType = wrapper.framework; includeInIndex = 0; path = Pods_ATXwecycle.framework; sourceTree = BUILT_PRODUCTS_DIR; };
		D6C4930FF371DF8F34FD8A89 /* Pods_ATXwecycleTests.framework */ = {isa = PBXFileReference; explicitFileType = wrapper.framework; includeInIndex = 0; path = Pods_ATXwecycleTests.framework; sourceTree = BUILT_PRODUCTS_DIR; };
		F16B58961C433D3B0027B34B /* DateModel.swift */ = {isa = PBXFileReference; fileEncoding = 4; lastKnownFileType = sourcecode.swift; path = DateModel.swift; sourceTree = "<group>"; };
		F176EEF81C5D136500E4BBD7 /* ATXwecycle-Bridging-Header.h */ = {isa = PBXFileReference; lastKnownFileType = sourcecode.c.h; path = "ATXwecycle-Bridging-Header.h"; sourceTree = "<group>"; };
		F176EEF91C5D136600E4BBD7 /* UIImageEffects.h */ = {isa = PBXFileReference; fileEncoding = 4; lastKnownFileType = sourcecode.c.h; path = UIImageEffects.h; sourceTree = "<group>"; };
		F176EEFA1C5D136600E4BBD7 /* UIImageEffects.m */ = {isa = PBXFileReference; fileEncoding = 4; lastKnownFileType = sourcecode.c.objc; path = UIImageEffects.m; sourceTree = "<group>"; };
		F192D0111C6237AC00B9F1C3 /* global.swift */ = {isa = PBXFileReference; fileEncoding = 4; lastKnownFileType = sourcecode.swift; path = global.swift; sourceTree = "<group>"; };
		F19E854B1C622EFD007488FB /* SettingViewController.swift */ = {isa = PBXFileReference; fileEncoding = 4; lastKnownFileType = sourcecode.swift; path = SettingViewController.swift; sourceTree = "<group>"; };
		F1E764741C3F5E1A009DC9BA /* ATXwecycle.app */ = {isa = PBXFileReference; explicitFileType = wrapper.application; includeInIndex = 0; path = ATXwecycle.app; sourceTree = BUILT_PRODUCTS_DIR; };
		F1E764771C3F5E1A009DC9BA /* AppDelegate.swift */ = {isa = PBXFileReference; lastKnownFileType = sourcecode.swift; path = AppDelegate.swift; sourceTree = "<group>"; };
		F1E764791C3F5E1A009DC9BA /* ViewController.swift */ = {isa = PBXFileReference; lastKnownFileType = sourcecode.swift; path = ViewController.swift; sourceTree = "<group>"; };
		F1E7647C1C3F5E1A009DC9BA /* Base */ = {isa = PBXFileReference; lastKnownFileType = file.storyboard; name = Base; path = Base.lproj/Main.storyboard; sourceTree = "<group>"; };
		F1E7647E1C3F5E1A009DC9BA /* Assets.xcassets */ = {isa = PBXFileReference; lastKnownFileType = folder.assetcatalog; path = Assets.xcassets; sourceTree = "<group>"; };
		F1E764811C3F5E1A009DC9BA /* Base */ = {isa = PBXFileReference; lastKnownFileType = file.storyboard; name = Base; path = Base.lproj/LaunchScreen.storyboard; sourceTree = "<group>"; };
		F1E764831C3F5E1A009DC9BA /* Info.plist */ = {isa = PBXFileReference; lastKnownFileType = text.plist.xml; path = Info.plist; sourceTree = "<group>"; };
		F1E764881C3F5E1A009DC9BA /* ATXwecycle.xctest */ = {isa = PBXFileReference; explicitFileType = wrapper.cfbundle; includeInIndex = 0; path = ATXwecycle.xctest; sourceTree = BUILT_PRODUCTS_DIR; };
		F1E7648C1C3F5E1A009DC9BA /* ATXwecycleTests.swift */ = {isa = PBXFileReference; lastKnownFileType = sourcecode.swift; path = ATXwecycleTests.swift; sourceTree = "<group>"; };
		F1E7648E1C3F5E1A009DC9BA /* Info.plist */ = {isa = PBXFileReference; lastKnownFileType = text.plist.xml; path = Info.plist; sourceTree = "<group>"; };
		F1E764931C3F5E1A009DC9BA /* ATXwecycle.xctest */ = {isa = PBXFileReference; explicitFileType = wrapper.cfbundle; includeInIndex = 0; path = ATXwecycle.xctest; sourceTree = BUILT_PRODUCTS_DIR; };
		F1E764971C3F5E1A009DC9BA /* ATXwecycleUITests.swift */ = {isa = PBXFileReference; lastKnownFileType = sourcecode.swift; path = ATXwecycleUITests.swift; sourceTree = "<group>"; };
		F1E764991C3F5E1A009DC9BA /* Info.plist */ = {isa = PBXFileReference; lastKnownFileType = text.plist.xml; path = Info.plist; sourceTree = "<group>"; };
/* End PBXFileReference section */

/* Begin PBXFrameworksBuildPhase section */
		F1E764711C3F5E1A009DC9BA /* Frameworks */ = {
			isa = PBXFrameworksBuildPhase;
			buildActionMask = 2147483647;
			files = (
				2593307D65CE5F6E2627AFCF /* Pods_ATXwecycle.framework in Frameworks */,
			);
			runOnlyForDeploymentPostprocessing = 0;
		};
		F1E764851C3F5E1A009DC9BA /* Frameworks */ = {
			isa = PBXFrameworksBuildPhase;
			buildActionMask = 2147483647;
			files = (
				C1AB530D6BC677701392ECB7 /* Pods_ATXwecycleTests.framework in Frameworks */,
			);
			runOnlyForDeploymentPostprocessing = 0;
		};
		F1E764901C3F5E1A009DC9BA /* Frameworks */ = {
			isa = PBXFrameworksBuildPhase;
			buildActionMask = 2147483647;
			files = (
				195B15941D3FFF0ABA7DFE42 /* Pods_ATXwecycleUITests.framework in Frameworks */,
			);
			runOnlyForDeploymentPostprocessing = 0;
		};
/* End PBXFrameworksBuildPhase section */

/* Begin PBXGroup section */
		928DA11D2E442E3DBF070906 /* Pods */ = {
			isa = PBXGroup;
			children = (
				3C34AE99709382EA2B5C4664 /* Pods-ATXwecycle.debug.xcconfig */,
				184F7DA725ADD26906461DE9 /* Pods-ATXwecycle.release.xcconfig */,
				7AB2FE983D826800D1C78D1C /* Pods-ATXwecycle.distribution.xcconfig */,
				586BFA95049429A20EF2621D /* Pods-ATXwecycleTests.debug.xcconfig */,
				BE2505F7D0BB8639BD2E107E /* Pods-ATXwecycleTests.release.xcconfig */,
				567D4B48681DEAACE2EE44D4 /* Pods-ATXwecycleTests.distribution.xcconfig */,
				6411F2C21EB4D7D47E7E2948 /* Pods-ATXwecycleUITests.debug.xcconfig */,
				3B41A22B7973F306F0A3773F /* Pods-ATXwecycleUITests.release.xcconfig */,
				A19C183375649CF6E43976F9 /* Pods-ATXwecycleUITests.distribution.xcconfig */,
			);
			name = Pods;
			sourceTree = "<group>";
		};
		F13915101C5E36C9002550D6 /* Categories */ = {
			isa = PBXGroup;
			children = (
				F176EEF91C5D136600E4BBD7 /* UIImageEffects.h */,
				F176EEFA1C5D136600E4BBD7 /* UIImageEffects.m */,
				F176EEF81C5D136500E4BBD7 /* ATXwecycle-Bridging-Header.h */,
			);
			name = Categories;
			sourceTree = "<group>";
		};
		F14C28E945DC89664E3AF555 /* Frameworks */ = {
			isa = PBXGroup;
			children = (
				C8D9BE75A89F34A72ED80FF8 /* Pods_ATXwecycle.framework */,
				D6C4930FF371DF8F34FD8A89 /* Pods_ATXwecycleTests.framework */,
				A3AB816308F4DA238FAB25B1 /* Pods_ATXwecycleUITests.framework */,
			);
			name = Frameworks;
			sourceTree = "<group>";
		};
		F1E7646B1C3F5E1A009DC9BA = {
			isa = PBXGroup;
			children = (
				F1E764761C3F5E1A009DC9BA /* ATXwecycle */,
				F1E7648B1C3F5E1A009DC9BA /* ATXwecycleTests */,
				F1E764961C3F5E1A009DC9BA /* ATXwecycleUITests */,
				F1E764751C3F5E1A009DC9BA /* Products */,
				928DA11D2E442E3DBF070906 /* Pods */,
				F14C28E945DC89664E3AF555 /* Frameworks */,
			);
			sourceTree = "<group>";
		};
		F1E764751C3F5E1A009DC9BA /* Products */ = {
			isa = PBXGroup;
			children = (
				F1E764741C3F5E1A009DC9BA /* ATXwecycle.app */,
				F1E764881C3F5E1A009DC9BA /* ATXwecycle.xctest */,
				F1E764931C3F5E1A009DC9BA /* ATXwecycle.xctest */,
			);
			name = Products;
			sourceTree = "<group>";
		};
		F1E764761C3F5E1A009DC9BA /* ATXwecycle */ = {
			isa = PBXGroup;
			children = (
				F1E7647B1C3F5E1A009DC9BA /* Main.storyboard */,
				6DCBAD911D63FC050016D647 /* AddressViewController.swift */,
				F1E764771C3F5E1A009DC9BA /* AppDelegate.swift */,
				F1E764791C3F5E1A009DC9BA /* ViewController.swift */,
				F19E854B1C622EFD007488FB /* SettingViewController.swift */,
				6DD07DA91C67961C00DCD864 /* WebViewController.swift */,
				F16B58961C433D3B0027B34B /* DateModel.swift */,
				F192D0111C6237AC00B9F1C3 /* global.swift */,
				F13915101C5E36C9002550D6 /* Categories */,
				F1E764A51C3F5E3C009DC9BA /* Supporting Files */,
			);
			path = ATXwecycle;
			sourceTree = "<group>";
		};
		F1E7648B1C3F5E1A009DC9BA /* ATXwecycleTests */ = {
			isa = PBXGroup;
			children = (
				F1E7648C1C3F5E1A009DC9BA /* ATXwecycleTests.swift */,
				F1E7648E1C3F5E1A009DC9BA /* Info.plist */,
			);
			path = ATXwecycleTests;
			sourceTree = "<group>";
		};
		F1E764961C3F5E1A009DC9BA /* ATXwecycleUITests */ = {
			isa = PBXGroup;
			children = (
				F1E764971C3F5E1A009DC9BA /* ATXwecycleUITests.swift */,
				F1E764991C3F5E1A009DC9BA /* Info.plist */,
			);
			path = ATXwecycleUITests;
			sourceTree = "<group>";
		};
		F1E764A51C3F5E3C009DC9BA /* Supporting Files */ = {
			isa = PBXGroup;
			children = (
				6DE22E861C5E64B000C5C38F /* TreeSit.JPG */,
				6DE22E871C5E64B000C5C38F /* SouthRimStanding.jpg */,
				F1E764801C3F5E1A009DC9BA /* LaunchScreen.storyboard */,
				F1E7647E1C3F5E1A009DC9BA /* Assets.xcassets */,
				F1E764831C3F5E1A009DC9BA /* Info.plist */,
			);
			name = "Supporting Files";
			sourceTree = "<group>";
		};
/* End PBXGroup section */

/* Begin PBXNativeTarget section */
		F1E764731C3F5E1A009DC9BA /* ATXwecycle */ = {
			isa = PBXNativeTarget;
			buildConfigurationList = F1E7649C1C3F5E1A009DC9BA /* Build configuration list for PBXNativeTarget "ATXwecycle" */;
			buildPhases = (
				60F0E2ECA6A74B32EADA5151 /* 📦 Check Pods Manifest.lock */,
				F1E764701C3F5E1A009DC9BA /* Sources */,
				F1E764711C3F5E1A009DC9BA /* Frameworks */,
				F1E764721C3F5E1A009DC9BA /* Resources */,
				5D9C7326C92ABBF6F9CECD67 /* 📦 Embed Pods Frameworks */,
				1F38DD7571A0B950154DB399 /* 📦 Copy Pods Resources */,
			);
			buildRules = (
			);
			dependencies = (
			);
			name = ATXwecycle;
			productName = ATXwecycle;
			productReference = F1E764741C3F5E1A009DC9BA /* ATXwecycle.app */;
			productType = "com.apple.product-type.application";
		};
		F1E764871C3F5E1A009DC9BA /* ATXwecycleTests */ = {
			isa = PBXNativeTarget;
			buildConfigurationList = F1E7649F1C3F5E1A009DC9BA /* Build configuration list for PBXNativeTarget "ATXwecycleTests" */;
			buildPhases = (
				8BFBBF8B0D325F37E2844938 /* 📦 Check Pods Manifest.lock */,
				F1E764841C3F5E1A009DC9BA /* Sources */,
				F1E764851C3F5E1A009DC9BA /* Frameworks */,
				F1E764861C3F5E1A009DC9BA /* Resources */,
				24FFFBD04505DE35D0F44A14 /* 📦 Embed Pods Frameworks */,
				5463284F98BDAAA14E648ADE /* 📦 Copy Pods Resources */,
			);
			buildRules = (
			);
			dependencies = (
				F1E7648A1C3F5E1A009DC9BA /* PBXTargetDependency */,
			);
			name = ATXwecycleTests;
			productName = ATXwecycleTests;
			productReference = F1E764881C3F5E1A009DC9BA /* ATXwecycle.xctest */;
			productType = "com.apple.product-type.bundle.unit-test";
		};
		F1E764921C3F5E1A009DC9BA /* ATXwecycleUITests */ = {
			isa = PBXNativeTarget;
			buildConfigurationList = F1E764A21C3F5E1A009DC9BA /* Build configuration list for PBXNativeTarget "ATXwecycleUITests" */;
			buildPhases = (
				578F90240B14CF99B330090E /* 📦 Check Pods Manifest.lock */,
				F1E7648F1C3F5E1A009DC9BA /* Sources */,
				F1E764901C3F5E1A009DC9BA /* Frameworks */,
				F1E764911C3F5E1A009DC9BA /* Resources */,
				D762267E96365AA45D7A727C /* 📦 Copy Pods Resources */,
			);
			buildRules = (
			);
			dependencies = (
				F1E764951C3F5E1A009DC9BA /* PBXTargetDependency */,
			);
			name = ATXwecycleUITests;
			productName = ATXwecycleUITests;
			productReference = F1E764931C3F5E1A009DC9BA /* ATXwecycle.xctest */;
			productType = "com.apple.product-type.bundle.ui-testing";
		};
/* End PBXNativeTarget section */

/* Begin PBXProject section */
		F1E7646C1C3F5E1A009DC9BA /* Project object */ = {
			isa = PBXProject;
			attributes = {
				LastSwiftUpdateCheck = 0720;
				LastUpgradeCheck = 0720;
				ORGANIZATIONNAME = "Toph Matta";
				TargetAttributes = {
					F1E764731C3F5E1A009DC9BA = {
						CreatedOnToolsVersion = 7.2;
						DevelopmentTeam = XXRYJDD55J;
					};
					F1E764871C3F5E1A009DC9BA = {
						CreatedOnToolsVersion = 7.2;
						TestTargetID = F1E764731C3F5E1A009DC9BA;
					};
					F1E764921C3F5E1A009DC9BA = {
						CreatedOnToolsVersion = 7.2;
						TestTargetID = F1E764731C3F5E1A009DC9BA;
					};
				};
			};
			buildConfigurationList = F1E7646F1C3F5E1A009DC9BA /* Build configuration list for PBXProject "ATXwecycle" */;
			compatibilityVersion = "Xcode 3.2";
			developmentRegion = English;
			hasScannedForEncodings = 0;
			knownRegions = (
				en,
				Base,
			);
			mainGroup = F1E7646B1C3F5E1A009DC9BA;
			productRefGroup = F1E764751C3F5E1A009DC9BA /* Products */;
			projectDirPath = "";
			projectRoot = "";
			targets = (
				F1E764731C3F5E1A009DC9BA /* ATXwecycle */,
				F1E764871C3F5E1A009DC9BA /* ATXwecycleTests */,
				F1E764921C3F5E1A009DC9BA /* ATXwecycleUITests */,
			);
		};
/* End PBXProject section */

/* Begin PBXResourcesBuildPhase section */
		F1E764721C3F5E1A009DC9BA /* Resources */ = {
			isa = PBXResourcesBuildPhase;
			buildActionMask = 2147483647;
			files = (
				F1E764821C3F5E1A009DC9BA /* LaunchScreen.storyboard in Resources */,
				6DE22E8A1C5E64B000C5C38F /* SouthRimStanding.jpg in Resources */,
				F1E7647F1C3F5E1A009DC9BA /* Assets.xcassets in Resources */,
				F1E7647D1C3F5E1A009DC9BA /* Main.storyboard in Resources */,
				6DE22E891C5E64B000C5C38F /* TreeSit.JPG in Resources */,
			);
			runOnlyForDeploymentPostprocessing = 0;
		};
		F1E764861C3F5E1A009DC9BA /* Resources */ = {
			isa = PBXResourcesBuildPhase;
			buildActionMask = 2147483647;
			files = (
			);
			runOnlyForDeploymentPostprocessing = 0;
		};
		F1E764911C3F5E1A009DC9BA /* Resources */ = {
			isa = PBXResourcesBuildPhase;
			buildActionMask = 2147483647;
			files = (
			);
			runOnlyForDeploymentPostprocessing = 0;
		};
/* End PBXResourcesBuildPhase section */

/* Begin PBXShellScriptBuildPhase section */
		1F38DD7571A0B950154DB399 /* 📦 Copy Pods Resources */ = {
			isa = PBXShellScriptBuildPhase;
			buildActionMask = 2147483647;
			files = (
			);
			inputPaths = (
			);
			name = "📦 Copy Pods Resources";
			outputPaths = (
			);
			runOnlyForDeploymentPostprocessing = 0;
			shellPath = /bin/sh;
			shellScript = "\"${SRCROOT}/Pods/Target Support Files/Pods-ATXwecycle/Pods-ATXwecycle-resources.sh\"\n";
			showEnvVarsInLog = 0;
		};
		24FFFBD04505DE35D0F44A14 /* 📦 Embed Pods Frameworks */ = {
			isa = PBXShellScriptBuildPhase;
			buildActionMask = 2147483647;
			files = (
			);
			inputPaths = (
			);
			name = "📦 Embed Pods Frameworks";
			outputPaths = (
			);
			runOnlyForDeploymentPostprocessing = 0;
			shellPath = /bin/sh;
			shellScript = "\"${SRCROOT}/Pods/Target Support Files/Pods-ATXwecycleTests/Pods-ATXwecycleTests-frameworks.sh\"\n";
			showEnvVarsInLog = 0;
		};
		5463284F98BDAAA14E648ADE /* 📦 Copy Pods Resources */ = {
			isa = PBXShellScriptBuildPhase;
			buildActionMask = 2147483647;
			files = (
			);
			inputPaths = (
			);
			name = "📦 Copy Pods Resources";
			outputPaths = (
			);
			runOnlyForDeploymentPostprocessing = 0;
			shellPath = /bin/sh;
			shellScript = "\"${SRCROOT}/Pods/Target Support Files/Pods-ATXwecycleTests/Pods-ATXwecycleTests-resources.sh\"\n";
			showEnvVarsInLog = 0;
		};
		578F90240B14CF99B330090E /* 📦 Check Pods Manifest.lock */ = {
			isa = PBXShellScriptBuildPhase;
			buildActionMask = 2147483647;
			files = (
			);
			inputPaths = (
			);
			name = "📦 Check Pods Manifest.lock";
			outputPaths = (
			);
			runOnlyForDeploymentPostprocessing = 0;
			shellPath = /bin/sh;
			shellScript = "diff \"${PODS_ROOT}/../Podfile.lock\" \"${PODS_ROOT}/Manifest.lock\" > /dev/null\nif [[ $? != 0 ]] ; then\n    cat << EOM\nerror: The sandbox is not in sync with the Podfile.lock. Run 'pod install' or update your CocoaPods installation.\nEOM\n    exit 1\nfi\n";
			showEnvVarsInLog = 0;
		};
		5D9C7326C92ABBF6F9CECD67 /* 📦 Embed Pods Frameworks */ = {
			isa = PBXShellScriptBuildPhase;
			buildActionMask = 2147483647;
			files = (
			);
			inputPaths = (
			);
			name = "📦 Embed Pods Frameworks";
			outputPaths = (
			);
			runOnlyForDeploymentPostprocessing = 0;
			shellPath = /bin/sh;
			shellScript = "\"${SRCROOT}/Pods/Target Support Files/Pods-ATXwecycle/Pods-ATXwecycle-frameworks.sh\"\n";
			showEnvVarsInLog = 0;
		};
		60F0E2ECA6A74B32EADA5151 /* 📦 Check Pods Manifest.lock */ = {
			isa = PBXShellScriptBuildPhase;
			buildActionMask = 2147483647;
			files = (
			);
			inputPaths = (
			);
			name = "📦 Check Pods Manifest.lock";
			outputPaths = (
			);
			runOnlyForDeploymentPostprocessing = 0;
			shellPath = /bin/sh;
			shellScript = "diff \"${PODS_ROOT}/../Podfile.lock\" \"${PODS_ROOT}/Manifest.lock\" > /dev/null\nif [[ $? != 0 ]] ; then\n    cat << EOM\nerror: The sandbox is not in sync with the Podfile.lock. Run 'pod install' or update your CocoaPods installation.\nEOM\n    exit 1\nfi\n";
			showEnvVarsInLog = 0;
		};
		8BFBBF8B0D325F37E2844938 /* 📦 Check Pods Manifest.lock */ = {
			isa = PBXShellScriptBuildPhase;
			buildActionMask = 2147483647;
			files = (
			);
			inputPaths = (
			);
			name = "📦 Check Pods Manifest.lock";
			outputPaths = (
			);
			runOnlyForDeploymentPostprocessing = 0;
			shellPath = /bin/sh;
			shellScript = "diff \"${PODS_ROOT}/../Podfile.lock\" \"${PODS_ROOT}/Manifest.lock\" > /dev/null\nif [[ $? != 0 ]] ; then\n    cat << EOM\nerror: The sandbox is not in sync with the Podfile.lock. Run 'pod install' or update your CocoaPods installation.\nEOM\n    exit 1\nfi\n";
			showEnvVarsInLog = 0;
		};
		D762267E96365AA45D7A727C /* 📦 Copy Pods Resources */ = {
			isa = PBXShellScriptBuildPhase;
			buildActionMask = 2147483647;
			files = (
			);
			inputPaths = (
			);
			name = "📦 Copy Pods Resources";
			outputPaths = (
			);
			runOnlyForDeploymentPostprocessing = 0;
			shellPath = /bin/sh;
			shellScript = "\"${SRCROOT}/Pods/Target Support Files/Pods-ATXwecycleUITests/Pods-ATXwecycleUITests-resources.sh\"\n";
			showEnvVarsInLog = 0;
		};
/* End PBXShellScriptBuildPhase section */

/* Begin PBXSourcesBuildPhase section */
		F1E764701C3F5E1A009DC9BA /* Sources */ = {
			isa = PBXSourcesBuildPhase;
			buildActionMask = 2147483647;
			files = (
				F192D0121C6237AC00B9F1C3 /* global.swift in Sources */,
				F19E854C1C622EFD007488FB /* SettingViewController.swift in Sources */,
				F176EEFB1C5D136600E4BBD7 /* UIImageEffects.m in Sources */,
				6DCBAD921D63FC050016D647 /* AddressViewController.swift in Sources */,
				F1E7647A1C3F5E1A009DC9BA /* ViewController.swift in Sources */,
				6DD07DAA1C67961C00DCD864 /* WebViewController.swift in Sources */,
				F1E764781C3F5E1A009DC9BA /* AppDelegate.swift in Sources */,
				F16B58971C433D3B0027B34B /* DateModel.swift in Sources */,
			);
			runOnlyForDeploymentPostprocessing = 0;
		};
		F1E764841C3F5E1A009DC9BA /* Sources */ = {
			isa = PBXSourcesBuildPhase;
			buildActionMask = 2147483647;
			files = (
				F1E7648D1C3F5E1A009DC9BA /* ATXwecycleTests.swift in Sources */,
			);
			runOnlyForDeploymentPostprocessing = 0;
		};
		F1E7648F1C3F5E1A009DC9BA /* Sources */ = {
			isa = PBXSourcesBuildPhase;
			buildActionMask = 2147483647;
			files = (
				F1E764981C3F5E1A009DC9BA /* ATXwecycleUITests.swift in Sources */,
			);
			runOnlyForDeploymentPostprocessing = 0;
		};
/* End PBXSourcesBuildPhase section */

/* Begin PBXTargetDependency section */
		F1E7648A1C3F5E1A009DC9BA /* PBXTargetDependency */ = {
			isa = PBXTargetDependency;
			target = F1E764731C3F5E1A009DC9BA /* ATXwecycle */;
			targetProxy = F1E764891C3F5E1A009DC9BA /* PBXContainerItemProxy */;
		};
		F1E764951C3F5E1A009DC9BA /* PBXTargetDependency */ = {
			isa = PBXTargetDependency;
			target = F1E764731C3F5E1A009DC9BA /* ATXwecycle */;
			targetProxy = F1E764941C3F5E1A009DC9BA /* PBXContainerItemProxy */;
		};
/* End PBXTargetDependency section */

/* Begin PBXVariantGroup section */
		F1E7647B1C3F5E1A009DC9BA /* Main.storyboard */ = {
			isa = PBXVariantGroup;
			children = (
				F1E7647C1C3F5E1A009DC9BA /* Base */,
			);
			name = Main.storyboard;
			sourceTree = "<group>";
		};
		F1E764801C3F5E1A009DC9BA /* LaunchScreen.storyboard */ = {
			isa = PBXVariantGroup;
			children = (
				F1E764811C3F5E1A009DC9BA /* Base */,
			);
			name = LaunchScreen.storyboard;
			sourceTree = "<group>";
		};
/* End PBXVariantGroup section */

/* Begin XCBuildConfiguration section */
		6D70BAF11C8E5F9400F65306 /* Distribution */ = {
			isa = XCBuildConfiguration;
			buildSettings = {
				ALWAYS_SEARCH_USER_PATHS = NO;
				CLANG_CXX_LANGUAGE_STANDARD = "gnu++0x";
				CLANG_CXX_LIBRARY = "libc++";
				CLANG_ENABLE_MODULES = YES;
				CLANG_ENABLE_OBJC_ARC = YES;
				CLANG_WARN_BOOL_CONVERSION = YES;
				CLANG_WARN_CONSTANT_CONVERSION = YES;
				CLANG_WARN_DIRECT_OBJC_ISA_USAGE = YES_ERROR;
				CLANG_WARN_EMPTY_BODY = YES;
				CLANG_WARN_ENUM_CONVERSION = YES;
				CLANG_WARN_INT_CONVERSION = YES;
				CLANG_WARN_OBJC_ROOT_CLASS = YES_ERROR;
				CLANG_WARN_UNREACHABLE_CODE = YES;
				CLANG_WARN__DUPLICATE_METHOD_MATCH = YES;
				CODE_SIGN_IDENTITY = "iPhone Distribution: Chris Matta (XXRYJDD55J)";
				"CODE_SIGN_IDENTITY[sdk=iphoneos*]" = "iPhone Distribution: Chris Matta (XXRYJDD55J)";
				COPY_PHASE_STRIP = NO;
				DEBUG_INFORMATION_FORMAT = "dwarf-with-dsym";
				ENABLE_NS_ASSERTIONS = NO;
				ENABLE_STRICT_OBJC_MSGSEND = YES;
				GCC_C_LANGUAGE_STANDARD = gnu99;
				GCC_NO_COMMON_BLOCKS = YES;
				GCC_WARN_64_TO_32_BIT_CONVERSION = YES;
				GCC_WARN_ABOUT_RETURN_TYPE = YES_ERROR;
				GCC_WARN_UNDECLARED_SELECTOR = YES;
				GCC_WARN_UNINITIALIZED_AUTOS = YES_AGGRESSIVE;
				GCC_WARN_UNUSED_FUNCTION = YES;
				GCC_WARN_UNUSED_VARIABLE = YES;
				IPHONEOS_DEPLOYMENT_TARGET = 9.2;
				MTL_ENABLE_DEBUG_INFO = NO;
				PROVISIONING_PROFILE = "54beb2ed-06a6-4fb7-8a75-ed875f7b4cab";
				SDKROOT = iphoneos;
				VALIDATE_PRODUCT = YES;
			};
			name = Distribution;
		};
		6D70BAF21C8E5F9400F65306 /* Distribution */ = {
			isa = XCBuildConfiguration;
			baseConfigurationReference = 7AB2FE983D826800D1C78D1C /* Pods-ATXwecycle.distribution.xcconfig */;
			buildSettings = {
				ASSETCATALOG_COMPILER_APPICON_NAME = AppIcon;
				CLANG_ENABLE_MODULES = YES;
				CODE_SIGN_IDENTITY = "iPhone Distribution: Chris Matta (XXRYJDD55J)";
				"CODE_SIGN_IDENTITY[sdk=iphoneos*]" = "iPhone Distribution: Chris Matta (XXRYJDD55J)";
				INFOPLIST_FILE = ATXwecycle/Info.plist;
				LD_RUNPATH_SEARCH_PATHS = "$(inherited) @executable_path/Frameworks";
				PRODUCT_BUNDLE_IDENTIFIER = Toph.iRecycleATX;
				PRODUCT_NAME = ATXwecycle;
				PROVISIONING_PROFILE = "54beb2ed-06a6-4fb7-8a75-ed875f7b4cab";
				SWIFT_OBJC_BRIDGING_HEADER = "ATXwecycle/ATXwecycle-Bridging-Header.h";
				TARGETED_DEVICE_FAMILY = 1;
			};
			name = Distribution;
		};
		6D70BAF31C8E5F9400F65306 /* Distribution */ = {
			isa = XCBuildConfiguration;
			baseConfigurationReference = 567D4B48681DEAACE2EE44D4 /* Pods-ATXwecycleTests.distribution.xcconfig */;
			buildSettings = {
				BUNDLE_LOADER = "$(TEST_HOST)";
				INFOPLIST_FILE = ATXwecycleTests/Info.plist;
				LD_RUNPATH_SEARCH_PATHS = "$(inherited) @executable_path/Frameworks @loader_path/Frameworks";
				PRODUCT_BUNDLE_IDENTIFIER = Toph.ATXwecycleTests;
				PRODUCT_NAME = ATXwecycle;
				TEST_HOST = "$(BUILT_PRODUCTS_DIR)/ATXwecycle.app/ATXwecycle";
			};
			name = Distribution;
		};
		6D70BAF41C8E5F9400F65306 /* Distribution */ = {
			isa = XCBuildConfiguration;
			baseConfigurationReference = A19C183375649CF6E43976F9 /* Pods-ATXwecycleUITests.distribution.xcconfig */;
			buildSettings = {
				INFOPLIST_FILE = ATXwecycleUITests/Info.plist;
				LD_RUNPATH_SEARCH_PATHS = "$(inherited) @executable_path/Frameworks @loader_path/Frameworks";
				PRODUCT_BUNDLE_IDENTIFIER = Toph.ATXwecycleUITests;
				PRODUCT_NAME = ATXwecycle;
				TEST_TARGET_NAME = ATXwecycle;
				USES_XCTRUNNER = YES;
			};
			name = Distribution;
		};
		F1E7649A1C3F5E1A009DC9BA /* Debug */ = {
			isa = XCBuildConfiguration;
			buildSettings = {
				ALWAYS_SEARCH_USER_PATHS = NO;
				CLANG_CXX_LANGUAGE_STANDARD = "gnu++0x";
				CLANG_CXX_LIBRARY = "libc++";
				CLANG_ENABLE_MODULES = YES;
				CLANG_ENABLE_OBJC_ARC = YES;
				CLANG_WARN_BOOL_CONVERSION = YES;
				CLANG_WARN_CONSTANT_CONVERSION = YES;
				CLANG_WARN_DIRECT_OBJC_ISA_USAGE = YES_ERROR;
				CLANG_WARN_EMPTY_BODY = YES;
				CLANG_WARN_ENUM_CONVERSION = YES;
				CLANG_WARN_INT_CONVERSION = YES;
				CLANG_WARN_OBJC_ROOT_CLASS = YES_ERROR;
				CLANG_WARN_UNREACHABLE_CODE = YES;
				CLANG_WARN__DUPLICATE_METHOD_MATCH = YES;
				CODE_SIGN_IDENTITY = "iPhone Distribution: Chris Matta (XXRYJDD55J)";
				"CODE_SIGN_IDENTITY[sdk=iphoneos*]" = "iPhone Distribution: Chris Matta (XXRYJDD55J)";
				COPY_PHASE_STRIP = NO;
				DEBUG_INFORMATION_FORMAT = dwarf;
				ENABLE_STRICT_OBJC_MSGSEND = YES;
				ENABLE_TESTABILITY = YES;
				GCC_C_LANGUAGE_STANDARD = gnu99;
				GCC_DYNAMIC_NO_PIC = NO;
				GCC_NO_COMMON_BLOCKS = YES;
				GCC_OPTIMIZATION_LEVEL = 0;
				GCC_PREPROCESSOR_DEFINITIONS = (
					"DEBUG=1",
					"$(inherited)",
				);
				GCC_WARN_64_TO_32_BIT_CONVERSION = YES;
				GCC_WARN_ABOUT_RETURN_TYPE = YES_ERROR;
				GCC_WARN_UNDECLARED_SELECTOR = YES;
				GCC_WARN_UNINITIALIZED_AUTOS = YES_AGGRESSIVE;
				GCC_WARN_UNUSED_FUNCTION = YES;
				GCC_WARN_UNUSED_VARIABLE = YES;
				IPHONEOS_DEPLOYMENT_TARGET = 9.2;
				MTL_ENABLE_DEBUG_INFO = YES;
				ONLY_ACTIVE_ARCH = YES;
				PROVISIONING_PROFILE = "54beb2ed-06a6-4fb7-8a75-ed875f7b4cab";
				SDKROOT = iphoneos;
				SWIFT_OPTIMIZATION_LEVEL = "-Onone";
			};
			name = Debug;
		};
		F1E7649B1C3F5E1A009DC9BA /* Release */ = {
			isa = XCBuildConfiguration;
			buildSettings = {
				ALWAYS_SEARCH_USER_PATHS = NO;
				CLANG_CXX_LANGUAGE_STANDARD = "gnu++0x";
				CLANG_CXX_LIBRARY = "libc++";
				CLANG_ENABLE_MODULES = YES;
				CLANG_ENABLE_OBJC_ARC = YES;
				CLANG_WARN_BOOL_CONVERSION = YES;
				CLANG_WARN_CONSTANT_CONVERSION = YES;
				CLANG_WARN_DIRECT_OBJC_ISA_USAGE = YES_ERROR;
				CLANG_WARN_EMPTY_BODY = YES;
				CLANG_WARN_ENUM_CONVERSION = YES;
				CLANG_WARN_INT_CONVERSION = YES;
				CLANG_WARN_OBJC_ROOT_CLASS = YES_ERROR;
				CLANG_WARN_UNREACHABLE_CODE = YES;
				CLANG_WARN__DUPLICATE_METHOD_MATCH = YES;
				CODE_SIGN_IDENTITY = "iPhone Distribution: Chris Matta (XXRYJDD55J)";
				"CODE_SIGN_IDENTITY[sdk=iphoneos*]" = "iPhone Distribution: Chris Matta (XXRYJDD55J)";
				COPY_PHASE_STRIP = NO;
				DEBUG_INFORMATION_FORMAT = "dwarf-with-dsym";
				ENABLE_NS_ASSERTIONS = NO;
				ENABLE_STRICT_OBJC_MSGSEND = YES;
				GCC_C_LANGUAGE_STANDARD = gnu99;
				GCC_NO_COMMON_BLOCKS = YES;
				GCC_WARN_64_TO_32_BIT_CONVERSION = YES;
				GCC_WARN_ABOUT_RETURN_TYPE = YES_ERROR;
				GCC_WARN_UNDECLARED_SELECTOR = YES;
				GCC_WARN_UNINITIALIZED_AUTOS = YES_AGGRESSIVE;
				GCC_WARN_UNUSED_FUNCTION = YES;
				GCC_WARN_UNUSED_VARIABLE = YES;
				IPHONEOS_DEPLOYMENT_TARGET = 9.2;
				MTL_ENABLE_DEBUG_INFO = NO;
				PROVISIONING_PROFILE = "54beb2ed-06a6-4fb7-8a75-ed875f7b4cab";
				SDKROOT = iphoneos;
				VALIDATE_PRODUCT = YES;
			};
			name = Release;
		};
		F1E7649D1C3F5E1A009DC9BA /* Debug */ = {
			isa = XCBuildConfiguration;
			baseConfigurationReference = 3C34AE99709382EA2B5C4664 /* Pods-ATXwecycle.debug.xcconfig */;
			buildSettings = {
				ASSETCATALOG_COMPILER_APPICON_NAME = AppIcon;
				CLANG_ENABLE_MODULES = YES;
				CODE_SIGN_IDENTITY = "iPhone Distribution: Chris Matta (XXRYJDD55J)";
				"CODE_SIGN_IDENTITY[sdk=iphoneos*]" = "iPhone Distribution: Chris Matta (XXRYJDD55J)";
				INFOPLIST_FILE = ATXwecycle/Info.plist;
				LD_RUNPATH_SEARCH_PATHS = "$(inherited) @executable_path/Frameworks";
				PRODUCT_BUNDLE_IDENTIFIER = Toph.iRecycleATX;
				PRODUCT_NAME = ATXwecycle;
				PROVISIONING_PROFILE = "54beb2ed-06a6-4fb7-8a75-ed875f7b4cab";
				SWIFT_OBJC_BRIDGING_HEADER = "ATXwecycle/ATXwecycle-Bridging-Header.h";
				SWIFT_OPTIMIZATION_LEVEL = "-Onone";
				TARGETED_DEVICE_FAMILY = 1;
			};
			name = Debug;
		};
		F1E7649E1C3F5E1A009DC9BA /* Release */ = {
			isa = XCBuildConfiguration;
			baseConfigurationReference = 184F7DA725ADD26906461DE9 /* Pods-ATXwecycle.release.xcconfig */;
			buildSettings = {
				ASSETCATALOG_COMPILER_APPICON_NAME = AppIcon;
				CLANG_ENABLE_MODULES = YES;
				CODE_SIGN_IDENTITY = "iPhone Distribution: Chris Matta (XXRYJDD55J)";
				"CODE_SIGN_IDENTITY[sdk=iphoneos*]" = "iPhone Distribution: Chris Matta (XXRYJDD55J)";
				INFOPLIST_FILE = ATXwecycle/Info.plist;
				LD_RUNPATH_SEARCH_PATHS = "$(inherited) @executable_path/Frameworks";
				PRODUCT_BUNDLE_IDENTIFIER = Toph.iRecycleATX;
				PRODUCT_NAME = ATXwecycle;
				PROVISIONING_PROFILE = "54beb2ed-06a6-4fb7-8a75-ed875f7b4cab";
				SWIFT_OBJC_BRIDGING_HEADER = "ATXwecycle/ATXwecycle-Bridging-Header.h";
				TARGETED_DEVICE_FAMILY = 1;
			};
			name = Release;
		};
		F1E764A01C3F5E1A009DC9BA /* Debug */ = {
			isa = XCBuildConfiguration;
			baseConfigurationReference = 586BFA95049429A20EF2621D /* Pods-ATXwecycleTests.debug.xcconfig */;
			buildSettings = {
				BUNDLE_LOADER = "$(TEST_HOST)";
				INFOPLIST_FILE = ATXwecycleTests/Info.plist;
				LD_RUNPATH_SEARCH_PATHS = "$(inherited) @executable_path/Frameworks @loader_path/Frameworks";
				PRODUCT_BUNDLE_IDENTIFIER = Toph.ATXwecycleTests;
				PRODUCT_NAME = ATXwecycle;
				TEST_HOST = "$(BUILT_PRODUCTS_DIR)/ATXwecycle.app/ATXwecycle";
			};
			name = Debug;
		};
		F1E764A11C3F5E1A009DC9BA /* Release */ = {
			isa = XCBuildConfiguration;
			baseConfigurationReference = BE2505F7D0BB8639BD2E107E /* Pods-ATXwecycleTests.release.xcconfig */;
			buildSettings = {
				BUNDLE_LOADER = "$(TEST_HOST)";
				INFOPLIST_FILE = ATXwecycleTests/Info.plist;
				LD_RUNPATH_SEARCH_PATHS = "$(inherited) @executable_path/Frameworks @loader_path/Frameworks";
				PRODUCT_BUNDLE_IDENTIFIER = Toph.ATXwecycleTests;
				PRODUCT_NAME = ATXwecycle;
				TEST_HOST = "$(BUILT_PRODUCTS_DIR)/ATXwecycle.app/ATXwecycle";
			};
			name = Release;
		};
		F1E764A31C3F5E1A009DC9BA /* Debug */ = {
			isa = XCBuildConfiguration;
			baseConfigurationReference = 6411F2C21EB4D7D47E7E2948 /* Pods-ATXwecycleUITests.debug.xcconfig */;
			buildSettings = {
				INFOPLIST_FILE = ATXwecycleUITests/Info.plist;
				LD_RUNPATH_SEARCH_PATHS = "$(inherited) @executable_path/Frameworks @loader_path/Frameworks";
				PRODUCT_BUNDLE_IDENTIFIER = Toph.ATXwecycleUITests;
				PRODUCT_NAME = ATXwecycle;
				TEST_TARGET_NAME = ATXwecycle;
				USES_XCTRUNNER = YES;
			};
			name = Debug;
		};
		F1E764A41C3F5E1A009DC9BA /* Release */ = {
			isa = XCBuildConfiguration;
			baseConfigurationReference = 3B41A22B7973F306F0A3773F /* Pods-ATXwecycleUITests.release.xcconfig */;
			buildSettings = {
				INFOPLIST_FILE = ATXwecycleUITests/Info.plist;
				LD_RUNPATH_SEARCH_PATHS = "$(inherited) @executable_path/Frameworks @loader_path/Frameworks";
				PRODUCT_BUNDLE_IDENTIFIER = Toph.ATXwecycleUITests;
				PRODUCT_NAME = ATXwecycle;
				TEST_TARGET_NAME = ATXwecycle;
				USES_XCTRUNNER = YES;
			};
			name = Release;
		};
/* End XCBuildConfiguration section */

/* Begin XCConfigurationList section */
		F1E7646F1C3F5E1A009DC9BA /* Build configuration list for PBXProject "ATXwecycle" */ = {
			isa = XCConfigurationList;
			buildConfigurations = (
				F1E7649A1C3F5E1A009DC9BA /* Debug */,
				F1E7649B1C3F5E1A009DC9BA /* Release */,
				6D70BAF11C8E5F9400F65306 /* Distribution */,
			);
			defaultConfigurationIsVisible = 0;
			defaultConfigurationName = Release;
		};
		F1E7649C1C3F5E1A009DC9BA /* Build configuration list for PBXNativeTarget "ATXwecycle" */ = {
			isa = XCConfigurationList;
			buildConfigurations = (
				F1E7649D1C3F5E1A009DC9BA /* Debug */,
				F1E7649E1C3F5E1A009DC9BA /* Release */,
				6D70BAF21C8E5F9400F65306 /* Distribution */,
			);
			defaultConfigurationIsVisible = 0;
			defaultConfigurationName = Release;
		};
		F1E7649F1C3F5E1A009DC9BA /* Build configuration list for PBXNativeTarget "ATXwecycleTests" */ = {
			isa = XCConfigurationList;
			buildConfigurations = (
				F1E764A01C3F5E1A009DC9BA /* Debug */,
				F1E764A11C3F5E1A009DC9BA /* Release */,
				6D70BAF31C8E5F9400F65306 /* Distribution */,
			);
			defaultConfigurationIsVisible = 0;
			defaultConfigurationName = Release;
		};
		F1E764A21C3F5E1A009DC9BA /* Build configuration list for PBXNativeTarget "ATXwecycleUITests" */ = {
			isa = XCConfigurationList;
			buildConfigurations = (
				F1E764A31C3F5E1A009DC9BA /* Debug */,
				F1E764A41C3F5E1A009DC9BA /* Release */,
				6D70BAF41C8E5F9400F65306 /* Distribution */,
			);
			defaultConfigurationIsVisible = 0;
			defaultConfigurationName = Release;
		};
/* End XCConfigurationList section */
	};
	rootObject = F1E7646C1C3F5E1A009DC9BA /* Project object */;
}
